// !$*UTF8*$!
{
	archiveVersion = 1;
	classes = {
	};
	objectVersion = 46;
	objects = {
/* Begin PBXBuildFile section */
		1D3623260D0F684500981E51 /* AppDelegate.m in Sources */ = {isa = PBXBuildFile; fileRef = 1D3623250D0F684500981E51 /* AppDelegate.m */; };
		1D60589B0D05DD56006BFB54 /* main.m in Sources */ = {isa = PBXBuildFile; fileRef = 29B97316FDCFA39411CA2CEA /* main.m */; };
		288765FD0DF74451002DB57D /* CoreGraphics.framework in Frameworks */ = {isa = PBXBuildFile; fileRef = 288765FC0DF74451002DB57D /* CoreGraphics.framework */; };
		301BF552109A68D80062928A /* libCordova.a in Frameworks */ = {isa = PBXBuildFile; fileRef = 301BF535109A57CC0062928A /* libCordova.a */; };
		302D95F114D2391D003F00A1 /* MainViewController.m in Sources */ = {isa = PBXBuildFile; fileRef = 302D95EF14D2391D003F00A1 /* MainViewController.m */; };
		302D95F214D2391D003F00A1 /* MainViewController.xib in Resources */ = {isa = PBXBuildFile; fileRef = 302D95F014D2391D003F00A1 /* MainViewController.xib */; };
		305D5FD1115AB8F900A74A75 /* MobileCoreServices.framework in Frameworks */ = {isa = PBXBuildFile; fileRef = 305D5FD0115AB8F900A74A75 /* MobileCoreServices.framework */; };
		3088BBBD154F3926009F9C59 /* Default-Landscape@2x~ipad.png in Resources */ = {isa = PBXBuildFile; fileRef = 3088BBB7154F3926009F9C59 /* Default-Landscape@2x~ipad.png */; };
		3088BBBE154F3926009F9C59 /* Default-Landscape~ipad.png in Resources */ = {isa = PBXBuildFile; fileRef = 3088BBB8154F3926009F9C59 /* Default-Landscape~ipad.png */; };
		3088BBBF154F3926009F9C59 /* Default-Portrait@2x~ipad.png in Resources */ = {isa = PBXBuildFile; fileRef = 3088BBB9154F3926009F9C59 /* Default-Portrait@2x~ipad.png */; };
		3088BBC0154F3926009F9C59 /* Default-Portrait~ipad.png in Resources */ = {isa = PBXBuildFile; fileRef = 3088BBBA154F3926009F9C59 /* Default-Portrait~ipad.png */; };
		3088BBC1154F3926009F9C59 /* Default@2x~iphone.png in Resources */ = {isa = PBXBuildFile; fileRef = 3088BBBB154F3926009F9C59 /* Default@2x~iphone.png */; };
		3088BBC2154F3926009F9C59 /* Default~iphone.png in Resources */ = {isa = PBXBuildFile; fileRef = 3088BBBC154F3926009F9C59 /* Default~iphone.png */; };
		308D05371370CCF300D202BF /* icon-72.png in Resources */ = {isa = PBXBuildFile; fileRef = 308D052E1370CCF300D202BF /* icon-72.png */; };
		308D05381370CCF300D202BF /* icon.png in Resources */ = {isa = PBXBuildFile; fileRef = 308D052F1370CCF300D202BF /* icon.png */; };
		308D05391370CCF300D202BF /* icon@2x.png in Resources */ = {isa = PBXBuildFile; fileRef = 308D05301370CCF300D202BF /* icon@2x.png */; };
		30B4F30019D5E07200D9F7D8 /* Default-667h.png in Resources */ = {isa = PBXBuildFile; fileRef = 30B4F2FD19D5E07200D9F7D8 /* Default-667h.png */; };
		30B4F30119D5E07200D9F7D8 /* Default-736h.png in Resources */ = {isa = PBXBuildFile; fileRef = 30B4F2FE19D5E07200D9F7D8 /* Default-736h.png */; };
		30B4F30219D5E07200D9F7D8 /* Default-Landscape-736h.png in Resources */ = {isa = PBXBuildFile; fileRef = 30B4F2FF19D5E07200D9F7D8 /* Default-Landscape-736h.png */; };
		30C1856619D5FC0A00212699 /* icon-60@3x.png in Resources */ = {isa = PBXBuildFile; fileRef = 30C1856519D5FC0A00212699 /* icon-60@3x.png */; };
		30FC414916E50CA1004E6F35 /* icon-72@2x.png in Resources */ = {isa = PBXBuildFile; fileRef = 30FC414816E50CA1004E6F35 /* icon-72@2x.png */; };
		5B1594DD16A7569C00FEF299 /* AssetsLibrary.framework in Frameworks */ = {isa = PBXBuildFile; fileRef = 5B1594DC16A7569C00FEF299 /* AssetsLibrary.framework */; };
		7E7966DE1810823500FA85AD /* icon-40.png in Resources */ = {isa = PBXBuildFile; fileRef = 7E7966D41810823500FA85AD /* icon-40.png */; };
		7E7966DF1810823500FA85AD /* icon-40@2x.png in Resources */ = {isa = PBXBuildFile; fileRef = 7E7966D51810823500FA85AD /* icon-40@2x.png */; };
		7E7966E01810823500FA85AD /* icon-50.png in Resources */ = {isa = PBXBuildFile; fileRef = 7E7966D61810823500FA85AD /* icon-50.png */; };
		7E7966E11810823500FA85AD /* icon-50@2x.png in Resources */ = {isa = PBXBuildFile; fileRef = 7E7966D71810823500FA85AD /* icon-50@2x.png */; };
		7E7966E21810823500FA85AD /* icon-60.png in Resources */ = {isa = PBXBuildFile; fileRef = 7E7966D81810823500FA85AD /* icon-60.png */; };
		7E7966E31810823500FA85AD /* icon-60@2x.png in Resources */ = {isa = PBXBuildFile; fileRef = 7E7966D91810823500FA85AD /* icon-60@2x.png */; };
		7E7966E41810823500FA85AD /* icon-76.png in Resources */ = {isa = PBXBuildFile; fileRef = 7E7966DA1810823500FA85AD /* icon-76.png */; };
		7E7966E51810823500FA85AD /* icon-76@2x.png in Resources */ = {isa = PBXBuildFile; fileRef = 7E7966DB1810823500FA85AD /* icon-76@2x.png */; };
		7E7966E61810823500FA85AD /* icon-small.png in Resources */ = {isa = PBXBuildFile; fileRef = 7E7966DC1810823500FA85AD /* icon-small.png */; };
		7E7966E71810823500FA85AD /* icon-small@2x.png in Resources */ = {isa = PBXBuildFile; fileRef = 7E7966DD1810823500FA85AD /* icon-small@2x.png */; };
		D4A0D8761607E02300AEF8BB /* Default-568h@2x~iphone.png in Resources */ = {isa = PBXBuildFile; fileRef = D4A0D8751607E02300AEF8BB /* Default-568h@2x~iphone.png */; };
		C2004DF0AC6A40C6A622E0BD /* UIImage+CropScaleOrientation.m in Sources */ = {isa = PBXBuildFile; fileRef = 54D8BEF47857496EAFD1E4BA /* UIImage+CropScaleOrientation.m */; };
		0DF30825CEB948EFBD8AE9C4 /* CDVCamera.m in Sources */ = {isa = PBXBuildFile; fileRef = 5CB5312C386A460DA2181592 /* CDVCamera.m */; };
		8F387418B1C0419898A433BD /* CDVJpegHeaderWriter.m in Sources */ = {isa = PBXBuildFile; fileRef = FF5B3011235C48699E680356 /* CDVJpegHeaderWriter.m */; };
		3CCDB079646E44BC81ED614F /* ImageIO.framework in Frameworks */ = {isa = PBXBuildFile; fileRef = 47043DDD240040C1912F6473 /* ImageIO.framework */; settings = {ATTRIBUTES = (Weak, ); }; };
		C73B0A9DDD37452DA785E53C /* CoreLocation.framework in Frameworks */ = {isa = PBXBuildFile; fileRef = 0F5ED0240C4747698471EDF4 /* CoreLocation.framework */; };
		31E2626F7C1841CE8A6C774A /* AVFoundation.framework in Frameworks */ = {isa = PBXBuildFile; fileRef = 0F7CB3B207654AF0B09045B2 /* AVFoundation.framework */; };
		E0F220104BD54928B91CDAFA /* CDVFile.m in Sources */ = {isa = PBXBuildFile; fileRef = 789E5BE6BF15422AB0BCF98F /* CDVFile.m */; };
		173C86DE2215457197AE781A /* CDVLocalFilesystem.m in Sources */ = {isa = PBXBuildFile; fileRef = D1F9899E0BAE4358B9AC1AF9 /* CDVLocalFilesystem.m */; };
		40FC8622CF6E40F08C08CD7A /* CDVAssetLibraryFilesystem.m in Sources */ = {isa = PBXBuildFile; fileRef = FEE78A1801BF472B85807BF2 /* CDVAssetLibraryFilesystem.m */; };
		54A73D44491C4DECBA206D61 /* CDVSplashScreen.m in Sources */ = {isa = PBXBuildFile; fileRef = 99B62FF7557C479BBB58E0C7 /* CDVSplashScreen.m */; };
		4DA59DCA38A6492D95E208DC /* CDVViewController+SplashScreen.m in Sources */ = {isa = PBXBuildFile; fileRef = 6BF4DFD83FEF4B22BCD8A345 /* CDVViewController+SplashScreen.m */; };
		1A9D2F68053449F4BFAFE9BC /* Toast+UIView.m in Sources */ = {isa = PBXBuildFile; fileRef = D27FADD4F79044BB9F4D39F3 /* Toast+UIView.m */; };
		70A2C39CBDC74F078C88A8A5 /* Toast.m in Sources */ = {isa = PBXBuildFile; fileRef = B94BDDC070A14C57826C9B47 /* Toast.m */; };
		FD4302F1A6E84B8AA5B051FD /* QuartzCore.framework in Frameworks */ = {isa = PBXBuildFile; fileRef = 5398A88ECD734293BECF62E5 /* QuartzCore.framework */; };
		7E54542438AF4F1C9AA976C5 /* AppDelegate+notification.m in Sources */ = {isa = PBXBuildFile; fileRef = 284DF87E9AC64FA9B74CF95A /* AppDelegate+notification.m */; };
		28FBBC3DFC0747F8AFBA6A37 /* PushPlugin.m in Sources */ = {isa = PBXBuildFile; fileRef = 263C265597FF4751BB18F270 /* PushPlugin.m */; };
		B6D49A25BB5441EFB2158530 /* libGGLCloudMessaging.a in Frameworks */ = {isa = PBXBuildFile; fileRef = BE99E71D02044C82B6EBFAF2 /* libGGLCloudMessaging.a */; };
		C5B9A2CFFF194277B141366C /* libGGLCore.a in Frameworks */ = {isa = PBXBuildFile; fileRef = D25838FBA0954802B7DDD03F /* libGGLCore.a */; };
		F3C36A722C594E7794E33AB2 /* libGGLInstanceIDLib.a in Frameworks */ = {isa = PBXBuildFile; fileRef = 2C3126A71F6D47D6A445235E /* libGGLInstanceIDLib.a */; };
		4F299200709D480E8CA49316 /* libGIP_Reachability.a in Frameworks */ = {isa = PBXBuildFile; fileRef = D8EAAF65CF7C4D6CA3B5216F /* libGIP_Reachability.a */; };
		09F87C7B112746D3913FDE70 /* libGSDK_Overload.a in Frameworks */ = {isa = PBXBuildFile; fileRef = 607A159881AA408FBBEA2C66 /* libGSDK_Overload.a */; };
		3D6F018C9B75433196223027 /* libGTMSessionFetcher_core.a in Frameworks */ = {isa = PBXBuildFile; fileRef = 3F875085C6654194B54616B1 /* libGTMSessionFetcher_core.a */; };
		2E36C4C54DC3465D9C27CFA2 /* libGTMSessionFetcher_full.a in Frameworks */ = {isa = PBXBuildFile; fileRef = A3FB9140F68F4966A93A4F56 /* libGTMSessionFetcher_full.a */; };
		6406152B668548CF835907C1 /* libGTMStackTrace.a in Frameworks */ = {isa = PBXBuildFile; fileRef = 7B421FB4A07F442ABCB67EA3 /* libGTMStackTrace.a */; };
		9D1952D0937C4DD0838B15ED /* libGTM_AddressBook.a in Frameworks */ = {isa = PBXBuildFile; fileRef = 0A2009AEDDE1499EA9315E20 /* libGTM_AddressBook.a */; };
		E964CA7BA5874E658E6C84D8 /* libGTM_DebugUtils.a in Frameworks */ = {isa = PBXBuildFile; fileRef = 050A19B55AF64DFEBDCEC19F /* libGTM_DebugUtils.a */; };
		4D1C484E3C6F4510BA7CF33C /* libGTM_GTMURLBuilder.a in Frameworks */ = {isa = PBXBuildFile; fileRef = F6702D95E526440C84060EB9 /* libGTM_GTMURLBuilder.a */; };
		05292497689C48D295F8A929 /* libGTM_KVO.a in Frameworks */ = {isa = PBXBuildFile; fileRef = 94B8E46CFAFF4375B33C58CD /* libGTM_KVO.a */; };
		4FC93F9651E447B89EA2C351 /* libGTM_NSData+zlib.a in Frameworks */ = {isa = PBXBuildFile; fileRef = 428CB767F19646F8AFBDAC10 /* libGTM_NSData+zlib.a */; };
		18F0B4A9F61542259F416773 /* libGTM_NSDictionary+URLArguments.a in Frameworks */ = {isa = PBXBuildFile; fileRef = 319FD9F960504F2CB93E8796 /* libGTM_NSDictionary+URLArguments.a */; };
		A5D0A58ADEF742E69B6763AD /* libGTM_NSScannerJSON.a in Frameworks */ = {isa = PBXBuildFile; fileRef = E2E1095FC1B649CEBF5444AE /* libGTM_NSScannerJSON.a */; };
		FF381FE0A6234855BBDB6FE8 /* libGTM_NSStringHTML.a in Frameworks */ = {isa = PBXBuildFile; fileRef = 9FB57D7674F547FCAD72246B /* libGTM_NSStringHTML.a */; };
		FD6E4282D97E417EBA8D89CD /* libGTM_NSStringXML.a in Frameworks */ = {isa = PBXBuildFile; fileRef = 7CD79BC48AD84B128B9785C2 /* libGTM_NSStringXML.a */; };
		E5758B582CE44CF3B56F47AC /* libGTM_Regex.a in Frameworks */ = {isa = PBXBuildFile; fileRef = EF2F05C9266844E5BC078509 /* libGTM_Regex.a */; };
		D40DCB76748D4B68B02AF0E1 /* libGTM_RoundedRectPath.a in Frameworks */ = {isa = PBXBuildFile; fileRef = 0879F8C07A6B41EA9B9001E1 /* libGTM_RoundedRectPath.a */; };
		FFF2617FBD2B4B3F8EB89D5F /* libGTM_StringEncoding.a in Frameworks */ = {isa = PBXBuildFile; fileRef = CA51A13F8D0148CDADC81815 /* libGTM_StringEncoding.a */; };
		CC251F015D2649568723F9E8 /* libGTM_SystemVersion.a in Frameworks */ = {isa = PBXBuildFile; fileRef = 187CB9E57CC34E8ABB4CC539 /* libGTM_SystemVersion.a */; };
		4989A0D83B6447CDA4E6C9B9 /* libGTM_UIFont+LineHeight.a in Frameworks */ = {isa = PBXBuildFile; fileRef = 9E4A60F18670419CB38E8DD1 /* libGTM_UIFont+LineHeight.a */; };
		0FA2DE81F8004B04A1EF5F58 /* libGTM_core.a in Frameworks */ = {isa = PBXBuildFile; fileRef = 448637608ACE4C868F8629A0 /* libGTM_core.a */; };
		C525074226C0453FA74C371B /* libGTM_iPhone.a in Frameworks */ = {isa = PBXBuildFile; fileRef = 4678CCE31B6C4E518B5F22FD /* libGTM_iPhone.a */; };
		F18C19EBFD834EDEBEC4B35C /* libGcmLib.a in Frameworks */ = {isa = PBXBuildFile; fileRef = C4022F859AFF4C198AB500E0 /* libGcmLib.a */; };
		048C3E1CFA3D498B98F92175 /* libProtocolBuffers.a in Frameworks */ = {isa = PBXBuildFile; fileRef = 01397E30E6AD41BEAEF7BE71 /* libProtocolBuffers.a */; };
		57EDC0D39B134E3692C91C3A /* AddressBook.framework in Frameworks */ = {isa = PBXBuildFile; fileRef = FDA984D6F3E841B89E318385 /* AddressBook.framework */; };
		85604FFB6FDB40DC88E00B83 /* libsqlite3.tbd in Resources */ = {isa = PBXBuildFile; fileRef = D188987230D543D988BBF49F /* libsqlite3.tbd */; };
		50702419BC6644C39268E30B /* libz.tbd in Resources */ = {isa = PBXBuildFile; fileRef = 9CB653F749E844229A87B58B /* libz.tbd */; };
		BF17B983746F411A94CA3779 /* CDVStatusBar.m in Sources */ = {isa = PBXBuildFile; fileRef = 5024469C7EB74DFD83F7C1A9 /* CDVStatusBar.m */; };
/* End PBXBuildFile section */

/* Begin PBXContainerItemProxy section */
		301BF534109A57CC0062928A /* PBXContainerItemProxy */ = {
			isa = PBXContainerItemProxy;
			containerPortal = 301BF52D109A57CC0062928A /* CordovaLib.xcodeproj */;
			proxyType = 2;
			remoteGlobalIDString = D2AAC07E0554694100DB518D;
			remoteInfo = CordovaLib;
		};
		301BF550109A68C00062928A /* PBXContainerItemProxy */ = {
			isa = PBXContainerItemProxy;
			containerPortal = 301BF52D109A57CC0062928A /* CordovaLib.xcodeproj */;
			proxyType = 1;
			remoteGlobalIDString = D2AAC07D0554694100DB518D;
			remoteInfo = CordovaLib;
		};
/* End PBXContainerItemProxy section */

/* Begin PBXFileReference section */
		1D3623240D0F684500981E51 /* AppDelegate.h */ = {isa = PBXFileReference; fileEncoding = 4; lastKnownFileType = sourcecode.c.h; path = AppDelegate.h; sourceTree = "<group>"; };
		1D3623250D0F684500981E51 /* AppDelegate.m */ = {isa = PBXFileReference; fileEncoding = 4; lastKnownFileType = sourcecode.c.objc; path = AppDelegate.m; sourceTree = "<group>"; };
		1D6058910D05DD3D006BFB54 /* HelloCordova.app */ = {isa = PBXFileReference; explicitFileType = wrapper.application; includeInIndex = 0; path = "HelloCordova.app"; sourceTree = BUILT_PRODUCTS_DIR; };
		1F766FDD13BBADB100FB74C0 /* en */ = {isa = PBXFileReference; lastKnownFileType = text.plist.strings; name = en; path = Localizable.strings; sourceTree = "<group>"; };
		1F766FE013BBADB100FB74C0 /* es */ = {isa = PBXFileReference; lastKnownFileType = text.plist.strings; name = es; path = Localizable.strings; sourceTree = "<group>"; };
		288765FC0DF74451002DB57D /* CoreGraphics.framework */ = {isa = PBXFileReference; lastKnownFileType = wrapper.framework; name = CoreGraphics.framework; path = System/Library/Frameworks/CoreGraphics.framework; sourceTree = SDKROOT; };
		29B97316FDCFA39411CA2CEA /* main.m */ = {isa = PBXFileReference; fileEncoding = 4; lastKnownFileType = sourcecode.c.objc; path = main.m; sourceTree = "<group>"; };
		301BF52D109A57CC0062928A /* CordovaLib.xcodeproj */ = {isa = PBXFileReference; lastKnownFileType = "wrapper.pb-project"; name = CordovaLib.xcodeproj; path = CordovaLib/CordovaLib.xcodeproj; sourceTree = "<group>"; };
		301BF56E109A69640062928A /* www */ = {isa = PBXFileReference; lastKnownFileType = folder; path = www; sourceTree = SOURCE_ROOT; };
		302D95EE14D2391D003F00A1 /* MainViewController.h */ = {isa = PBXFileReference; fileEncoding = 4; lastKnownFileType = sourcecode.c.h; path = MainViewController.h; sourceTree = "<group>"; };
		302D95EF14D2391D003F00A1 /* MainViewController.m */ = {isa = PBXFileReference; fileEncoding = 4; lastKnownFileType = sourcecode.c.objc; path = MainViewController.m; sourceTree = "<group>"; };
		302D95F014D2391D003F00A1 /* MainViewController.xib */ = {isa = PBXFileReference; fileEncoding = 4; lastKnownFileType = file.xib; path = MainViewController.xib; sourceTree = "<group>"; };
		305D5FD0115AB8F900A74A75 /* MobileCoreServices.framework */ = {isa = PBXFileReference; lastKnownFileType = wrapper.framework; name = MobileCoreServices.framework; path = System/Library/Frameworks/MobileCoreServices.framework; sourceTree = SDKROOT; };
		3088BBB7154F3926009F9C59 /* Default-Landscape@2x~ipad.png */ = {isa = PBXFileReference; lastKnownFileType = image.png; path = "Default-Landscape@2x~ipad.png"; sourceTree = "<group>"; };
		3088BBB8154F3926009F9C59 /* Default-Landscape~ipad.png */ = {isa = PBXFileReference; lastKnownFileType = image.png; path = "Default-Landscape~ipad.png"; sourceTree = "<group>"; };
		3088BBB9154F3926009F9C59 /* Default-Portrait@2x~ipad.png */ = {isa = PBXFileReference; lastKnownFileType = image.png; path = "Default-Portrait@2x~ipad.png"; sourceTree = "<group>"; };
		3088BBBA154F3926009F9C59 /* Default-Portrait~ipad.png */ = {isa = PBXFileReference; lastKnownFileType = image.png; path = "Default-Portrait~ipad.png"; sourceTree = "<group>"; };
		3088BBBB154F3926009F9C59 /* Default@2x~iphone.png */ = {isa = PBXFileReference; lastKnownFileType = image.png; path = "Default@2x~iphone.png"; sourceTree = "<group>"; };
		3088BBBC154F3926009F9C59 /* Default~iphone.png */ = {isa = PBXFileReference; lastKnownFileType = image.png; path = "Default~iphone.png"; sourceTree = "<group>"; };
		308D052E1370CCF300D202BF /* icon-72.png */ = {isa = PBXFileReference; lastKnownFileType = image.png; path = "icon-72.png"; sourceTree = "<group>"; };
		308D052F1370CCF300D202BF /* icon.png */ = {isa = PBXFileReference; lastKnownFileType = image.png; path = icon.png; sourceTree = "<group>"; };
		308D05301370CCF300D202BF /* icon@2x.png */ = {isa = PBXFileReference; lastKnownFileType = image.png; path = "icon@2x.png"; sourceTree = "<group>"; };
		30B4F2FD19D5E07200D9F7D8 /* Default-667h.png */ = {isa = PBXFileReference; lastKnownFileType = image.png; path = "Default-667h.png"; sourceTree = "<group>"; };
		30B4F2FE19D5E07200D9F7D8 /* Default-736h.png */ = {isa = PBXFileReference; lastKnownFileType = image.png; path = "Default-736h.png"; sourceTree = "<group>"; };
		30B4F2FF19D5E07200D9F7D8 /* Default-Landscape-736h.png */ = {isa = PBXFileReference; lastKnownFileType = image.png; path = "Default-Landscape-736h.png"; sourceTree = "<group>"; };
		30C1856519D5FC0A00212699 /* icon-60@3x.png */ = {isa = PBXFileReference; lastKnownFileType = image.png; path = "icon-60@3x.png"; sourceTree = "<group>"; };
		30FC414816E50CA1004E6F35 /* icon-72@2x.png */ = {isa = PBXFileReference; lastKnownFileType = image.png; path = "icon-72@2x.png"; sourceTree = "<group>"; };
		32CA4F630368D1EE00C91783 /* HelloCordova-Prefix.pch */ = {isa = PBXFileReference; fileEncoding = 4; lastKnownFileType = sourcecode.c.h; path = "HelloCordova-Prefix.pch"; sourceTree = "<group>"; };
		5B1594DC16A7569C00FEF299 /* AssetsLibrary.framework */ = {isa = PBXFileReference; lastKnownFileType = wrapper.framework; name = AssetsLibrary.framework; path = System/Library/Frameworks/AssetsLibrary.framework; sourceTree = SDKROOT; };
		7E7966D41810823500FA85AD /* icon-40.png */ = {isa = PBXFileReference; lastKnownFileType = image.png; path = "icon-40.png"; sourceTree = "<group>"; };
		7E7966D51810823500FA85AD /* icon-40@2x.png */ = {isa = PBXFileReference; lastKnownFileType = image.png; path = "icon-40@2x.png"; sourceTree = "<group>"; };
		7E7966D61810823500FA85AD /* icon-50.png */ = {isa = PBXFileReference; lastKnownFileType = image.png; path = "icon-50.png"; sourceTree = "<group>"; };
		7E7966D71810823500FA85AD /* icon-50@2x.png */ = {isa = PBXFileReference; lastKnownFileType = image.png; path = "icon-50@2x.png"; sourceTree = "<group>"; };
		7E7966D81810823500FA85AD /* icon-60.png */ = {isa = PBXFileReference; lastKnownFileType = image.png; path = "icon-60.png"; sourceTree = "<group>"; };
		7E7966D91810823500FA85AD /* icon-60@2x.png */ = {isa = PBXFileReference; lastKnownFileType = image.png; path = "icon-60@2x.png"; sourceTree = "<group>"; };
		7E7966DA1810823500FA85AD /* icon-76.png */ = {isa = PBXFileReference; lastKnownFileType = image.png; path = "icon-76.png"; sourceTree = "<group>"; };
		7E7966DB1810823500FA85AD /* icon-76@2x.png */ = {isa = PBXFileReference; lastKnownFileType = image.png; path = "icon-76@2x.png"; sourceTree = "<group>"; };
		7E7966DC1810823500FA85AD /* icon-small.png */ = {isa = PBXFileReference; lastKnownFileType = image.png; path = "icon-small.png"; sourceTree = "<group>"; };
		7E7966DD1810823500FA85AD /* icon-small@2x.png */ = {isa = PBXFileReference; lastKnownFileType = image.png; path = "icon-small@2x.png"; sourceTree = "<group>"; };
		8D1107310486CEB800E47090 /* HelloCordova-Info.plist */ = {isa = PBXFileReference; fileEncoding = 4; lastKnownFileType = text.plist.xml; name = "HelloCordova-Info.plist"; path = "../HelloCordova-Info.plist"; plistStructureDefinitionIdentifier = "com.apple.xcode.plist.structure-definition.iphone.info-plist"; sourceTree = "<group>"; };
		D4A0D8751607E02300AEF8BB /* Default-568h@2x~iphone.png */ = {isa = PBXFileReference; lastKnownFileType = image.png; path = "Default-568h@2x~iphone.png"; sourceTree = "<group>"; };
		EB87FDF21871DA7A0020F90C /* merges */ = {isa = PBXFileReference; lastKnownFileType = folder; name = merges; path = ../../merges; sourceTree = "<group>"; };
		EB87FDF31871DA8E0020F90C /* www */ = {isa = PBXFileReference; lastKnownFileType = folder; name = www; path = ../../www; sourceTree = "<group>"; };
		EB87FDF41871DAF40020F90C /* config.xml */ = {isa = PBXFileReference; lastKnownFileType = text.xml; name = config.xml; path = ../../config.xml; sourceTree = "<group>"; };
		F840E1F0165FE0F500CFE078 /* config.xml */ = {isa = PBXFileReference; lastKnownFileType = text.xml; name = config.xml; path = "HelloCordova/config.xml"; sourceTree = "<group>"; };
		54D8BEF47857496EAFD1E4BA /* UIImage+CropScaleOrientation.m */ = {isa = PBXFileReference; lastKnownFileType = sourcecode.c.objc; name = "UIImage+CropScaleOrientation.m"; path = "cordova-plugin-camera/UIImage+CropScaleOrientation.m"; sourceTree = "<group>"; fileEncoding = 4; };
		5CB5312C386A460DA2181592 /* CDVCamera.m */ = {isa = PBXFileReference; lastKnownFileType = sourcecode.c.objc; name = "CDVCamera.m"; path = "cordova-plugin-camera/CDVCamera.m"; sourceTree = "<group>"; fileEncoding = 4; };
		FF5B3011235C48699E680356 /* CDVJpegHeaderWriter.m */ = {isa = PBXFileReference; lastKnownFileType = sourcecode.c.objc; name = "CDVJpegHeaderWriter.m"; path = "cordova-plugin-camera/CDVJpegHeaderWriter.m"; sourceTree = "<group>"; fileEncoding = 4; };
		B8301CE1224F4BEEBA19F712 /* UIImage+CropScaleOrientation.h */ = {isa = PBXFileReference; lastKnownFileType = sourcecode.c.h; name = "UIImage+CropScaleOrientation.h"; path = "cordova-plugin-camera/UIImage+CropScaleOrientation.h"; sourceTree = "<group>"; fileEncoding = 4; };
		070A71AABCBF4DE48235A05B /* CDVCamera.h */ = {isa = PBXFileReference; lastKnownFileType = sourcecode.c.h; name = "CDVCamera.h"; path = "cordova-plugin-camera/CDVCamera.h"; sourceTree = "<group>"; fileEncoding = 4; };
		3239374807E74FEA80EED9BC /* CDVJpegHeaderWriter.h */ = {isa = PBXFileReference; lastKnownFileType = sourcecode.c.h; name = "CDVJpegHeaderWriter.h"; path = "cordova-plugin-camera/CDVJpegHeaderWriter.h"; sourceTree = "<group>"; fileEncoding = 4; };
		5D867618CA3D4AB0B5892EF2 /* CDVExif.h */ = {isa = PBXFileReference; lastKnownFileType = sourcecode.c.h; name = "CDVExif.h"; path = "cordova-plugin-camera/CDVExif.h"; sourceTree = "<group>"; fileEncoding = 4; };
		47043DDD240040C1912F6473 /* ImageIO.framework */ = {isa = PBXFileReference; lastKnownFileType = wrapper.framework; name = "ImageIO.framework"; path = "System/Library/Frameworks/ImageIO.framework"; sourceTree = SDKROOT; fileEncoding = 4; };
		0F5ED0240C4747698471EDF4 /* CoreLocation.framework */ = {isa = PBXFileReference; lastKnownFileType = wrapper.framework; name = "CoreLocation.framework"; path = "System/Library/Frameworks/CoreLocation.framework"; sourceTree = SDKROOT; fileEncoding = 4; };
		0F7CB3B207654AF0B09045B2 /* AVFoundation.framework */ = {isa = PBXFileReference; lastKnownFileType = wrapper.framework; name = "AVFoundation.framework"; path = "System/Library/Frameworks/AVFoundation.framework"; sourceTree = SDKROOT; fileEncoding = 4; };
		789E5BE6BF15422AB0BCF98F /* CDVFile.m */ = {isa = PBXFileReference; lastKnownFileType = sourcecode.c.objc; name = "CDVFile.m"; path = "cordova-plugin-file/CDVFile.m"; sourceTree = "<group>"; fileEncoding = 4; };
		D1F9899E0BAE4358B9AC1AF9 /* CDVLocalFilesystem.m */ = {isa = PBXFileReference; lastKnownFileType = sourcecode.c.objc; name = "CDVLocalFilesystem.m"; path = "cordova-plugin-file/CDVLocalFilesystem.m"; sourceTree = "<group>"; fileEncoding = 4; };
		FEE78A1801BF472B85807BF2 /* CDVAssetLibraryFilesystem.m */ = {isa = PBXFileReference; lastKnownFileType = sourcecode.c.objc; name = "CDVAssetLibraryFilesystem.m"; path = "cordova-plugin-file/CDVAssetLibraryFilesystem.m"; sourceTree = "<group>"; fileEncoding = 4; };
		FCD2A367C80B46FE9FDFC63C /* CDVFile.h */ = {isa = PBXFileReference; lastKnownFileType = sourcecode.c.h; name = "CDVFile.h"; path = "cordova-plugin-file/CDVFile.h"; sourceTree = "<group>"; fileEncoding = 4; };
		16A041CA5B3C4C05BA54B7DB /* CDVLocalFilesystem.h */ = {isa = PBXFileReference; lastKnownFileType = sourcecode.c.h; name = "CDVLocalFilesystem.h"; path = "cordova-plugin-file/CDVLocalFilesystem.h"; sourceTree = "<group>"; fileEncoding = 4; };
		7E574E6AC1964BE99C6F0CB1 /* CDVAssetLibraryFilesystem.h */ = {isa = PBXFileReference; lastKnownFileType = sourcecode.c.h; name = "CDVAssetLibraryFilesystem.h"; path = "cordova-plugin-file/CDVAssetLibraryFilesystem.h"; sourceTree = "<group>"; fileEncoding = 4; };
		99B62FF7557C479BBB58E0C7 /* CDVSplashScreen.m */ = {isa = PBXFileReference; lastKnownFileType = sourcecode.c.objc; name = "CDVSplashScreen.m"; path = "cordova-plugin-splashscreen/CDVSplashScreen.m"; sourceTree = "<group>"; fileEncoding = 4; };
		6BF4DFD83FEF4B22BCD8A345 /* CDVViewController+SplashScreen.m */ = {isa = PBXFileReference; lastKnownFileType = sourcecode.c.objc; name = "CDVViewController+SplashScreen.m"; path = "cordova-plugin-splashscreen/CDVViewController+SplashScreen.m"; sourceTree = "<group>"; fileEncoding = 4; };
		C9459DACBCF34B03A4109F37 /* CDVSplashScreen.h */ = {isa = PBXFileReference; lastKnownFileType = sourcecode.c.h; name = "CDVSplashScreen.h"; path = "cordova-plugin-splashscreen/CDVSplashScreen.h"; sourceTree = "<group>"; fileEncoding = 4; };
		6B66139595FE40919C3BFD6D /* CDVViewController+SplashScreen.h */ = {isa = PBXFileReference; lastKnownFileType = sourcecode.c.h; name = "CDVViewController+SplashScreen.h"; path = "cordova-plugin-splashscreen/CDVViewController+SplashScreen.h"; sourceTree = "<group>"; fileEncoding = 4; };
		D27FADD4F79044BB9F4D39F3 /* Toast+UIView.m */ = {isa = PBXFileReference; lastKnownFileType = sourcecode.c.objc; name = "Toast+UIView.m"; path = "cordova-plugin-x-toast/Toast+UIView.m"; sourceTree = "<group>"; fileEncoding = 4; };
		B94BDDC070A14C57826C9B47 /* Toast.m */ = {isa = PBXFileReference; lastKnownFileType = sourcecode.c.objc; name = "Toast.m"; path = "cordova-plugin-x-toast/Toast.m"; sourceTree = "<group>"; fileEncoding = 4; };
		1A1C28E998734A62A3F1AB09 /* Toast+UIView.h */ = {isa = PBXFileReference; lastKnownFileType = sourcecode.c.h; name = "Toast+UIView.h"; path = "cordova-plugin-x-toast/Toast+UIView.h"; sourceTree = "<group>"; fileEncoding = 4; };
		F6EF1D01E0FB4523BFD4DEDD /* Toast.h */ = {isa = PBXFileReference; lastKnownFileType = sourcecode.c.h; name = "Toast.h"; path = "cordova-plugin-x-toast/Toast.h"; sourceTree = "<group>"; fileEncoding = 4; };
		5398A88ECD734293BECF62E5 /* QuartzCore.framework */ = {isa = PBXFileReference; lastKnownFileType = wrapper.framework; name = "QuartzCore.framework"; path = "System/Library/Frameworks/QuartzCore.framework"; sourceTree = SDKROOT; fileEncoding = 4; };
		284DF87E9AC64FA9B74CF95A /* AppDelegate+notification.m */ = {isa = PBXFileReference; lastKnownFileType = sourcecode.c.objc; name = "AppDelegate+notification.m"; path = "phonegap-plugin-push/AppDelegate+notification.m"; sourceTree = "<group>"; fileEncoding = 4; };
		263C265597FF4751BB18F270 /* PushPlugin.m */ = {isa = PBXFileReference; lastKnownFileType = sourcecode.c.objc; name = "PushPlugin.m"; path = "phonegap-plugin-push/PushPlugin.m"; sourceTree = "<group>"; fileEncoding = 4; };
		BE99E71D02044C82B6EBFAF2 /* libGGLCloudMessaging.a */ = {isa = PBXFileReference; lastKnownFileType = archive.ar; name = "libGGLCloudMessaging.a"; path = "HelloCordova/Plugins/phonegap-plugin-push/GCM/Libraries/libGGLCloudMessaging.a"; sourceTree = "<group>"; fileEncoding = 4; };
		D25838FBA0954802B7DDD03F /* libGGLCore.a */ = {isa = PBXFileReference; lastKnownFileType = archive.ar; name = "libGGLCore.a"; path = "HelloCordova/Plugins/phonegap-plugin-push/GCM/Libraries/libGGLCore.a"; sourceTree = "<group>"; fileEncoding = 4; };
		2C3126A71F6D47D6A445235E /* libGGLInstanceIDLib.a */ = {isa = PBXFileReference; lastKnownFileType = archive.ar; name = "libGGLInstanceIDLib.a"; path = "HelloCordova/Plugins/phonegap-plugin-push/GCM/Libraries/libGGLInstanceIDLib.a"; sourceTree = "<group>"; fileEncoding = 4; };
		D8EAAF65CF7C4D6CA3B5216F /* libGIP_Reachability.a */ = {isa = PBXFileReference; lastKnownFileType = archive.ar; name = "libGIP_Reachability.a"; path = "HelloCordova/Plugins/phonegap-plugin-push/GCM/Libraries/libGIP_Reachability.a"; sourceTree = "<group>"; fileEncoding = 4; };
		607A159881AA408FBBEA2C66 /* libGSDK_Overload.a */ = {isa = PBXFileReference; lastKnownFileType = archive.ar; name = "libGSDK_Overload.a"; path = "HelloCordova/Plugins/phonegap-plugin-push/GCM/Libraries/libGSDK_Overload.a"; sourceTree = "<group>"; fileEncoding = 4; };
		3F875085C6654194B54616B1 /* libGTMSessionFetcher_core.a */ = {isa = PBXFileReference; lastKnownFileType = archive.ar; name = "libGTMSessionFetcher_core.a"; path = "HelloCordova/Plugins/phonegap-plugin-push/GCM/Libraries/libGTMSessionFetcher_core.a"; sourceTree = "<group>"; fileEncoding = 4; };
		A3FB9140F68F4966A93A4F56 /* libGTMSessionFetcher_full.a */ = {isa = PBXFileReference; lastKnownFileType = archive.ar; name = "libGTMSessionFetcher_full.a"; path = "HelloCordova/Plugins/phonegap-plugin-push/GCM/Libraries/libGTMSessionFetcher_full.a"; sourceTree = "<group>"; fileEncoding = 4; };
		7B421FB4A07F442ABCB67EA3 /* libGTMStackTrace.a */ = {isa = PBXFileReference; lastKnownFileType = archive.ar; name = "libGTMStackTrace.a"; path = "HelloCordova/Plugins/phonegap-plugin-push/GCM/Libraries/libGTMStackTrace.a"; sourceTree = "<group>"; fileEncoding = 4; };
		0A2009AEDDE1499EA9315E20 /* libGTM_AddressBook.a */ = {isa = PBXFileReference; lastKnownFileType = archive.ar; name = "libGTM_AddressBook.a"; path = "HelloCordova/Plugins/phonegap-plugin-push/GCM/Libraries/libGTM_AddressBook.a"; sourceTree = "<group>"; fileEncoding = 4; };
		050A19B55AF64DFEBDCEC19F /* libGTM_DebugUtils.a */ = {isa = PBXFileReference; lastKnownFileType = archive.ar; name = "libGTM_DebugUtils.a"; path = "HelloCordova/Plugins/phonegap-plugin-push/GCM/Libraries/libGTM_DebugUtils.a"; sourceTree = "<group>"; fileEncoding = 4; };
		F6702D95E526440C84060EB9 /* libGTM_GTMURLBuilder.a */ = {isa = PBXFileReference; lastKnownFileType = archive.ar; name = "libGTM_GTMURLBuilder.a"; path = "HelloCordova/Plugins/phonegap-plugin-push/GCM/Libraries/libGTM_GTMURLBuilder.a"; sourceTree = "<group>"; fileEncoding = 4; };
		94B8E46CFAFF4375B33C58CD /* libGTM_KVO.a */ = {isa = PBXFileReference; lastKnownFileType = archive.ar; name = "libGTM_KVO.a"; path = "HelloCordova/Plugins/phonegap-plugin-push/GCM/Libraries/libGTM_KVO.a"; sourceTree = "<group>"; fileEncoding = 4; };
		428CB767F19646F8AFBDAC10 /* libGTM_NSData+zlib.a */ = {isa = PBXFileReference; lastKnownFileType = archive.ar; name = "libGTM_NSData+zlib.a"; path = "HelloCordova/Plugins/phonegap-plugin-push/GCM/Libraries/libGTM_NSData+zlib.a"; sourceTree = "<group>"; fileEncoding = 4; };
		319FD9F960504F2CB93E8796 /* libGTM_NSDictionary+URLArguments.a */ = {isa = PBXFileReference; lastKnownFileType = archive.ar; name = "libGTM_NSDictionary+URLArguments.a"; path = "HelloCordova/Plugins/phonegap-plugin-push/GCM/Libraries/libGTM_NSDictionary+URLArguments.a"; sourceTree = "<group>"; fileEncoding = 4; };
		E2E1095FC1B649CEBF5444AE /* libGTM_NSScannerJSON.a */ = {isa = PBXFileReference; lastKnownFileType = archive.ar; name = "libGTM_NSScannerJSON.a"; path = "HelloCordova/Plugins/phonegap-plugin-push/GCM/Libraries/libGTM_NSScannerJSON.a"; sourceTree = "<group>"; fileEncoding = 4; };
		9FB57D7674F547FCAD72246B /* libGTM_NSStringHTML.a */ = {isa = PBXFileReference; lastKnownFileType = archive.ar; name = "libGTM_NSStringHTML.a"; path = "HelloCordova/Plugins/phonegap-plugin-push/GCM/Libraries/libGTM_NSStringHTML.a"; sourceTree = "<group>"; fileEncoding = 4; };
		7CD79BC48AD84B128B9785C2 /* libGTM_NSStringXML.a */ = {isa = PBXFileReference; lastKnownFileType = archive.ar; name = "libGTM_NSStringXML.a"; path = "HelloCordova/Plugins/phonegap-plugin-push/GCM/Libraries/libGTM_NSStringXML.a"; sourceTree = "<group>"; fileEncoding = 4; };
		EF2F05C9266844E5BC078509 /* libGTM_Regex.a */ = {isa = PBXFileReference; lastKnownFileType = archive.ar; name = "libGTM_Regex.a"; path = "HelloCordova/Plugins/phonegap-plugin-push/GCM/Libraries/libGTM_Regex.a"; sourceTree = "<group>"; fileEncoding = 4; };
		0879F8C07A6B41EA9B9001E1 /* libGTM_RoundedRectPath.a */ = {isa = PBXFileReference; lastKnownFileType = archive.ar; name = "libGTM_RoundedRectPath.a"; path = "HelloCordova/Plugins/phonegap-plugin-push/GCM/Libraries/libGTM_RoundedRectPath.a"; sourceTree = "<group>"; fileEncoding = 4; };
		CA51A13F8D0148CDADC81815 /* libGTM_StringEncoding.a */ = {isa = PBXFileReference; lastKnownFileType = archive.ar; name = "libGTM_StringEncoding.a"; path = "HelloCordova/Plugins/phonegap-plugin-push/GCM/Libraries/libGTM_StringEncoding.a"; sourceTree = "<group>"; fileEncoding = 4; };
		187CB9E57CC34E8ABB4CC539 /* libGTM_SystemVersion.a */ = {isa = PBXFileReference; lastKnownFileType = archive.ar; name = "libGTM_SystemVersion.a"; path = "HelloCordova/Plugins/phonegap-plugin-push/GCM/Libraries/libGTM_SystemVersion.a"; sourceTree = "<group>"; fileEncoding = 4; };
		9E4A60F18670419CB38E8DD1 /* libGTM_UIFont+LineHeight.a */ = {isa = PBXFileReference; lastKnownFileType = archive.ar; name = "libGTM_UIFont+LineHeight.a"; path = "HelloCordova/Plugins/phonegap-plugin-push/GCM/Libraries/libGTM_UIFont+LineHeight.a"; sourceTree = "<group>"; fileEncoding = 4; };
		448637608ACE4C868F8629A0 /* libGTM_core.a */ = {isa = PBXFileReference; lastKnownFileType = archive.ar; name = "libGTM_core.a"; path = "HelloCordova/Plugins/phonegap-plugin-push/GCM/Libraries/libGTM_core.a"; sourceTree = "<group>"; fileEncoding = 4; };
		4678CCE31B6C4E518B5F22FD /* libGTM_iPhone.a */ = {isa = PBXFileReference; lastKnownFileType = archive.ar; name = "libGTM_iPhone.a"; path = "HelloCordova/Plugins/phonegap-plugin-push/GCM/Libraries/libGTM_iPhone.a"; sourceTree = "<group>"; fileEncoding = 4; };
		C4022F859AFF4C198AB500E0 /* libGcmLib.a */ = {isa = PBXFileReference; lastKnownFileType = archive.ar; name = "libGcmLib.a"; path = "HelloCordova/Plugins/phonegap-plugin-push/GCM/Libraries/libGcmLib.a"; sourceTree = "<group>"; fileEncoding = 4; };
		01397E30E6AD41BEAEF7BE71 /* libProtocolBuffers.a */ = {isa = PBXFileReference; lastKnownFileType = archive.ar; name = "libProtocolBuffers.a"; path = "HelloCordova/Plugins/phonegap-plugin-push/GCM/Libraries/libProtocolBuffers.a"; sourceTree = "<group>"; fileEncoding = 4; };
		F0E060C9C2E74ECC97BDC677 /* AppDelegate+notification.h */ = {isa = PBXFileReference; lastKnownFileType = sourcecode.c.h; name = "AppDelegate+notification.h"; path = "phonegap-plugin-push/AppDelegate+notification.h"; sourceTree = "<group>"; fileEncoding = 4; };
		2E3AD9333E4B4BEAB3E1B739 /* PushPlugin.h */ = {isa = PBXFileReference; lastKnownFileType = sourcecode.c.h; name = "PushPlugin.h"; path = "phonegap-plugin-push/PushPlugin.h"; sourceTree = "<group>"; fileEncoding = 4; };
		59D1E35C43B8421E80A30FE3 /* GGLInstanceID.h */ = {isa = PBXFileReference; lastKnownFileType = sourcecode.c.h; name = "GGLInstanceID.h"; path = "phonegap-plugin-push/GCM/Headers/GGLInstanceID.h"; sourceTree = "<group>"; fileEncoding = 4; };
		3782F3FA20AF43DEB3137729 /* GGLInstanceIDConfig.h */ = {isa = PBXFileReference; lastKnownFileType = sourcecode.c.h; name = "GGLInstanceIDConfig.h"; path = "phonegap-plugin-push/GCM/Headers/GGLInstanceIDConfig.h"; sourceTree = "<group>"; fileEncoding = 4; };
		3496EA05869646B29322419D /* GGLInstanceIDDelegate.h */ = {isa = PBXFileReference; lastKnownFileType = sourcecode.c.h; name = "GGLInstanceIDDelegate.h"; path = "phonegap-plugin-push/GCM/Headers/GGLInstanceIDDelegate.h"; sourceTree = "<group>"; fileEncoding = 4; };
		8B36BB5526C14188A7D958F3 /* GGLInstanceIDHeaders.h */ = {isa = PBXFileReference; lastKnownFileType = sourcecode.c.h; name = "GGLInstanceIDHeaders.h"; path = "phonegap-plugin-push/GCM/Headers/GGLInstanceIDHeaders.h"; sourceTree = "<group>"; fileEncoding = 4; };
		BB159B41E6E44ADD836DCA13 /* CloudMessaging.h */ = {isa = PBXFileReference; lastKnownFileType = sourcecode.c.h; name = "CloudMessaging.h"; path = "phonegap-plugin-push/GCM/Headers/CloudMessaging.h"; sourceTree = "<group>"; fileEncoding = 4; };
		3D1EA00617C049D4B7657623 /* GGLContext+CloudMessaging.h */ = {isa = PBXFileReference; lastKnownFileType = sourcecode.c.h; name = "GGLContext+CloudMessaging.h"; path = "phonegap-plugin-push/GCM/Headers/GGLContext+CloudMessaging.h"; sourceTree = "<group>"; fileEncoding = 4; };
		5C9F8BBE97284952A53F99F7 /* Core.h */ = {isa = PBXFileReference; lastKnownFileType = sourcecode.c.h; name = "Core.h"; path = "phonegap-plugin-push/GCM/Headers/Core.h"; sourceTree = "<group>"; fileEncoding = 4; };
		03C8126BD10543C1BEECFE2A /* GGLConfiguration.h */ = {isa = PBXFileReference; lastKnownFileType = sourcecode.c.h; name = "GGLConfiguration.h"; path = "phonegap-plugin-push/GCM/Headers/GGLConfiguration.h"; sourceTree = "<group>"; fileEncoding = 4; };
		64A3FDAA541A4770A6AC05A7 /* GGLContext.h */ = {isa = PBXFileReference; lastKnownFileType = sourcecode.c.h; name = "GGLContext.h"; path = "phonegap-plugin-push/GCM/Headers/GGLContext.h"; sourceTree = "<group>"; fileEncoding = 4; };
		6E3E1402A2C543B49DD86287 /* GGLErrorCode.h */ = {isa = PBXFileReference; lastKnownFileType = sourcecode.c.h; name = "GGLErrorCode.h"; path = "phonegap-plugin-push/GCM/Headers/GGLErrorCode.h"; sourceTree = "<group>"; fileEncoding = 4; };
		84CD888B79CA4AC5A7FC6DA7 /* GCMConfig.h */ = {isa = PBXFileReference; lastKnownFileType = sourcecode.c.h; name = "GCMConfig.h"; path = "phonegap-plugin-push/GCM/Headers/GCMConfig.h"; sourceTree = "<group>"; fileEncoding = 4; };
		F2ED0F6BA7DD4ACBAFBCB25A /* GCMPubSub.h */ = {isa = PBXFileReference; lastKnownFileType = sourcecode.c.h; name = "GCMPubSub.h"; path = "phonegap-plugin-push/GCM/Headers/GCMPubSub.h"; sourceTree = "<group>"; fileEncoding = 4; };
		B61E26FC11634D37B2C0A682 /* GCMReceiverDelegate.h */ = {isa = PBXFileReference; lastKnownFileType = sourcecode.c.h; name = "GCMReceiverDelegate.h"; path = "phonegap-plugin-push/GCM/Headers/GCMReceiverDelegate.h"; sourceTree = "<group>"; fileEncoding = 4; };
		94EDEBA8B9F94F848DA49B02 /* GCMService.h */ = {isa = PBXFileReference; lastKnownFileType = sourcecode.c.h; name = "GCMService.h"; path = "phonegap-plugin-push/GCM/Headers/GCMService.h"; sourceTree = "<group>"; fileEncoding = 4; };
		5A7D373750EC46249805F646 /* GoogleCloudMessaging.h */ = {isa = PBXFileReference; lastKnownFileType = sourcecode.c.h; name = "GoogleCloudMessaging.h"; path = "phonegap-plugin-push/GCM/Headers/GoogleCloudMessaging.h"; sourceTree = "<group>"; fileEncoding = 4; };
		FDA984D6F3E841B89E318385 /* AddressBook.framework */ = {isa = PBXFileReference; lastKnownFileType = wrapper.framework; name = "AddressBook.framework"; path = "System/Library/Frameworks/AddressBook.framework"; sourceTree = SDKROOT; fileEncoding = 4; };
		D188987230D543D988BBF49F /* libsqlite3.tbd */ = {isa = PBXFileReference; lastKnownFileType = unknown; name = "libsqlite3.tbd"; path = "libsqlite3.tbd"; sourceTree = "<group>"; fileEncoding = 4; };
		9CB653F749E844229A87B58B /* libz.tbd */ = {isa = PBXFileReference; lastKnownFileType = unknown; name = "libz.tbd"; path = "libz.tbd"; sourceTree = "<group>"; fileEncoding = 4; };
		5024469C7EB74DFD83F7C1A9 /* CDVStatusBar.m */ = {isa = PBXFileReference; lastKnownFileType = sourcecode.c.objc; name = "CDVStatusBar.m"; path = "cordova-plugin-statusbar/CDVStatusBar.m"; sourceTree = "<group>"; fileEncoding = 4; };
		B9957B6C7A074A9BBF70C79A /* CDVStatusBar.h */ = {isa = PBXFileReference; lastKnownFileType = sourcecode.c.h; name = "CDVStatusBar.h"; path = "cordova-plugin-statusbar/CDVStatusBar.h"; sourceTree = "<group>"; fileEncoding = 4; };
/* End PBXFileReference section */

/* Begin PBXFrameworksBuildPhase section */
		1D60588F0D05DD3D006BFB54 /* Frameworks */ = {
			isa = PBXFrameworksBuildPhase;
			buildActionMask = 2147483647;
			files = (
				5B1594DD16A7569C00FEF299 /* AssetsLibrary.framework in Frameworks */,
				301BF552109A68D80062928A /* libCordova.a in Frameworks */,
				288765FD0DF74451002DB57D /* CoreGraphics.framework in Frameworks */,
				305D5FD1115AB8F900A74A75 /* MobileCoreServices.framework in Frameworks */,
				3CCDB079646E44BC81ED614F /* ImageIO.framework in Frameworks */,
				C73B0A9DDD37452DA785E53C /* CoreLocation.framework in Frameworks */,
				31E2626F7C1841CE8A6C774A /* AVFoundation.framework in Frameworks */,
				FD4302F1A6E84B8AA5B051FD /* QuartzCore.framework in Frameworks */,
				B6D49A25BB5441EFB2158530 /* libGGLCloudMessaging.a in Frameworks */,
				C5B9A2CFFF194277B141366C /* libGGLCore.a in Frameworks */,
				F3C36A722C594E7794E33AB2 /* libGGLInstanceIDLib.a in Frameworks */,
				4F299200709D480E8CA49316 /* libGIP_Reachability.a in Frameworks */,
				09F87C7B112746D3913FDE70 /* libGSDK_Overload.a in Frameworks */,
				3D6F018C9B75433196223027 /* libGTMSessionFetcher_core.a in Frameworks */,
				2E36C4C54DC3465D9C27CFA2 /* libGTMSessionFetcher_full.a in Frameworks */,
				6406152B668548CF835907C1 /* libGTMStackTrace.a in Frameworks */,
				9D1952D0937C4DD0838B15ED /* libGTM_AddressBook.a in Frameworks */,
				E964CA7BA5874E658E6C84D8 /* libGTM_DebugUtils.a in Frameworks */,
				4D1C484E3C6F4510BA7CF33C /* libGTM_GTMURLBuilder.a in Frameworks */,
				05292497689C48D295F8A929 /* libGTM_KVO.a in Frameworks */,
				4FC93F9651E447B89EA2C351 /* libGTM_NSData+zlib.a in Frameworks */,
				18F0B4A9F61542259F416773 /* libGTM_NSDictionary+URLArguments.a in Frameworks */,
				A5D0A58ADEF742E69B6763AD /* libGTM_NSScannerJSON.a in Frameworks */,
				FF381FE0A6234855BBDB6FE8 /* libGTM_NSStringHTML.a in Frameworks */,
				FD6E4282D97E417EBA8D89CD /* libGTM_NSStringXML.a in Frameworks */,
				E5758B582CE44CF3B56F47AC /* libGTM_Regex.a in Frameworks */,
				D40DCB76748D4B68B02AF0E1 /* libGTM_RoundedRectPath.a in Frameworks */,
				FFF2617FBD2B4B3F8EB89D5F /* libGTM_StringEncoding.a in Frameworks */,
				CC251F015D2649568723F9E8 /* libGTM_SystemVersion.a in Frameworks */,
				4989A0D83B6447CDA4E6C9B9 /* libGTM_UIFont+LineHeight.a in Frameworks */,
				0FA2DE81F8004B04A1EF5F58 /* libGTM_core.a in Frameworks */,
				C525074226C0453FA74C371B /* libGTM_iPhone.a in Frameworks */,
				F18C19EBFD834EDEBEC4B35C /* libGcmLib.a in Frameworks */,
				048C3E1CFA3D498B98F92175 /* libProtocolBuffers.a in Frameworks */,
				57EDC0D39B134E3692C91C3A /* AddressBook.framework in Frameworks */,
				85604FFB6FDB40DC88E00B83 /* libsqlite3.tbd in Resources */,
				50702419BC6644C39268E30B /* libz.tbd in Resources */,
			);
			runOnlyForDeploymentPostprocessing = 0;
		};
/* End PBXFrameworksBuildPhase section */

/* Begin PBXGroup section */
		080E96DDFE201D6D7F000001 /* Classes */ = {
			isa = PBXGroup;
			children = (
				302D95EE14D2391D003F00A1 /* MainViewController.h */,
				302D95EF14D2391D003F00A1 /* MainViewController.m */,
				302D95F014D2391D003F00A1 /* MainViewController.xib */,
				1D3623240D0F684500981E51 /* AppDelegate.h */,
				1D3623250D0F684500981E51 /* AppDelegate.m */,
			);
			name = Classes;
			path = "HelloCordova/Classes";
			sourceTree = SOURCE_ROOT;
		};
		19C28FACFE9D520D11CA2CBB /* Products */ = {
			isa = PBXGroup;
			children = (
				1D6058910D05DD3D006BFB54 /* HelloCordova.app */,
			);
			name = Products;
			sourceTree = "<group>";
		};
		29B97314FDCFA39411CA2CEA /* CustomTemplate */ = {
			isa = PBXGroup;
			children = (
				EB87FDF41871DAF40020F90C /* config.xml */,
				EB87FDF31871DA8E0020F90C /* www */,
				EB87FDF21871DA7A0020F90C /* merges */,
				EB87FDF11871DA420020F90C /* Staging */,
				301BF52D109A57CC0062928A /* CordovaLib.xcodeproj */,
				080E96DDFE201D6D7F000001 /* Classes */,
				307C750510C5A3420062BCA9 /* Plugins */,
				29B97315FDCFA39411CA2CEA /* Other Sources */,
				29B97317FDCFA39411CA2CEA /* Resources */,
				29B97323FDCFA39411CA2CEA /* Frameworks */,
				19C28FACFE9D520D11CA2CBB /* Products */,
			);
			name = CustomTemplate;
			sourceTree = "<group>";
		};
		29B97315FDCFA39411CA2CEA /* Other Sources */ = {
			isa = PBXGroup;
			children = (
				32CA4F630368D1EE00C91783 /* HelloCordova-Prefix.pch */,
				29B97316FDCFA39411CA2CEA /* main.m */,
			);
			name = "Other Sources";
			path = "HelloCordova";
			sourceTree = "<group>";
		};
		29B97317FDCFA39411CA2CEA /* Resources */ = {
			isa = PBXGroup;
			children = (
				308D052D1370CCF300D202BF /* icons */,
				308D05311370CCF300D202BF /* splash */,
				8D1107310486CEB800E47090 /* HelloCordova-Info.plist */,
			);
			name = Resources;
			path = "HelloCordova/Resources";
			sourceTree = "<group>";
		};
		29B97323FDCFA39411CA2CEA /* Frameworks */ = {
			isa = PBXGroup;
			children = (
				5B1594DC16A7569C00FEF299 /* AssetsLibrary.framework */,
				288765FC0DF74451002DB57D /* CoreGraphics.framework */,
				305D5FD0115AB8F900A74A75 /* MobileCoreServices.framework */,
				47043DDD240040C1912F6473 /* ImageIO.framework */,
				0F5ED0240C4747698471EDF4 /* CoreLocation.framework */,
				0F7CB3B207654AF0B09045B2 /* AVFoundation.framework */,
				5398A88ECD734293BECF62E5 /* QuartzCore.framework */,
				BE99E71D02044C82B6EBFAF2 /* libGGLCloudMessaging.a */,
				D25838FBA0954802B7DDD03F /* libGGLCore.a */,
				2C3126A71F6D47D6A445235E /* libGGLInstanceIDLib.a */,
				D8EAAF65CF7C4D6CA3B5216F /* libGIP_Reachability.a */,
				607A159881AA408FBBEA2C66 /* libGSDK_Overload.a */,
				3F875085C6654194B54616B1 /* libGTMSessionFetcher_core.a */,
				A3FB9140F68F4966A93A4F56 /* libGTMSessionFetcher_full.a */,
				7B421FB4A07F442ABCB67EA3 /* libGTMStackTrace.a */,
				0A2009AEDDE1499EA9315E20 /* libGTM_AddressBook.a */,
				050A19B55AF64DFEBDCEC19F /* libGTM_DebugUtils.a */,
				F6702D95E526440C84060EB9 /* libGTM_GTMURLBuilder.a */,
				94B8E46CFAFF4375B33C58CD /* libGTM_KVO.a */,
				428CB767F19646F8AFBDAC10 /* libGTM_NSData+zlib.a */,
				319FD9F960504F2CB93E8796 /* libGTM_NSDictionary+URLArguments.a */,
				E2E1095FC1B649CEBF5444AE /* libGTM_NSScannerJSON.a */,
				9FB57D7674F547FCAD72246B /* libGTM_NSStringHTML.a */,
				7CD79BC48AD84B128B9785C2 /* libGTM_NSStringXML.a */,
				EF2F05C9266844E5BC078509 /* libGTM_Regex.a */,
				0879F8C07A6B41EA9B9001E1 /* libGTM_RoundedRectPath.a */,
				CA51A13F8D0148CDADC81815 /* libGTM_StringEncoding.a */,
				187CB9E57CC34E8ABB4CC539 /* libGTM_SystemVersion.a */,
				9E4A60F18670419CB38E8DD1 /* libGTM_UIFont+LineHeight.a */,
				448637608ACE4C868F8629A0 /* libGTM_core.a */,
				4678CCE31B6C4E518B5F22FD /* libGTM_iPhone.a */,
				C4022F859AFF4C198AB500E0 /* libGcmLib.a */,
				01397E30E6AD41BEAEF7BE71 /* libProtocolBuffers.a */,
				FDA984D6F3E841B89E318385 /* AddressBook.framework */,
				D188987230D543D988BBF49F /* libsqlite3.tbd */,
				9CB653F749E844229A87B58B /* libz.tbd */,
			);
			name = Frameworks;
			sourceTree = "<group>";
		};
		301BF52E109A57CC0062928A /* Products */ = {
			isa = PBXGroup;
			children = (
				301BF535109A57CC0062928A /* libCordova.a */,
			);
			name = Products;
			sourceTree = "<group>";
		};
		307C750510C5A3420062BCA9 /* Plugins */ = {
			isa = PBXGroup;
			children = (
				54D8BEF47857496EAFD1E4BA /* UIImage+CropScaleOrientation.m */,
				5CB5312C386A460DA2181592 /* CDVCamera.m */,
				FF5B3011235C48699E680356 /* CDVJpegHeaderWriter.m */,
				B8301CE1224F4BEEBA19F712 /* UIImage+CropScaleOrientation.h */,
				070A71AABCBF4DE48235A05B /* CDVCamera.h */,
				3239374807E74FEA80EED9BC /* CDVJpegHeaderWriter.h */,
				5D867618CA3D4AB0B5892EF2 /* CDVExif.h */,
				789E5BE6BF15422AB0BCF98F /* CDVFile.m */,
				D1F9899E0BAE4358B9AC1AF9 /* CDVLocalFilesystem.m */,
				FEE78A1801BF472B85807BF2 /* CDVAssetLibraryFilesystem.m */,
				FCD2A367C80B46FE9FDFC63C /* CDVFile.h */,
				16A041CA5B3C4C05BA54B7DB /* CDVLocalFilesystem.h */,
				7E574E6AC1964BE99C6F0CB1 /* CDVAssetLibraryFilesystem.h */,
				99B62FF7557C479BBB58E0C7 /* CDVSplashScreen.m */,
				6BF4DFD83FEF4B22BCD8A345 /* CDVViewController+SplashScreen.m */,
				C9459DACBCF34B03A4109F37 /* CDVSplashScreen.h */,
				6B66139595FE40919C3BFD6D /* CDVViewController+SplashScreen.h */,
				D27FADD4F79044BB9F4D39F3 /* Toast+UIView.m */,
				B94BDDC070A14C57826C9B47 /* Toast.m */,
				1A1C28E998734A62A3F1AB09 /* Toast+UIView.h */,
				F6EF1D01E0FB4523BFD4DEDD /* Toast.h */,
				284DF87E9AC64FA9B74CF95A /* AppDelegate+notification.m */,
				263C265597FF4751BB18F270 /* PushPlugin.m */,
				F0E060C9C2E74ECC97BDC677 /* AppDelegate+notification.h */,
				2E3AD9333E4B4BEAB3E1B739 /* PushPlugin.h */,
				59D1E35C43B8421E80A30FE3 /* GGLInstanceID.h */,
				3782F3FA20AF43DEB3137729 /* GGLInstanceIDConfig.h */,
				3496EA05869646B29322419D /* GGLInstanceIDDelegate.h */,
				8B36BB5526C14188A7D958F3 /* GGLInstanceIDHeaders.h */,
				BB159B41E6E44ADD836DCA13 /* CloudMessaging.h */,
				3D1EA00617C049D4B7657623 /* GGLContext+CloudMessaging.h */,
				5C9F8BBE97284952A53F99F7 /* Core.h */,
				03C8126BD10543C1BEECFE2A /* GGLConfiguration.h */,
				64A3FDAA541A4770A6AC05A7 /* GGLContext.h */,
				6E3E1402A2C543B49DD86287 /* GGLErrorCode.h */,
				84CD888B79CA4AC5A7FC6DA7 /* GCMConfig.h */,
				F2ED0F6BA7DD4ACBAFBCB25A /* GCMPubSub.h */,
				B61E26FC11634D37B2C0A682 /* GCMReceiverDelegate.h */,
				94EDEBA8B9F94F848DA49B02 /* GCMService.h */,
				5A7D373750EC46249805F646 /* GoogleCloudMessaging.h */,
				5024469C7EB74DFD83F7C1A9 /* CDVStatusBar.m */,
				B9957B6C7A074A9BBF70C79A /* CDVStatusBar.h */,
			);
			name = Plugins;
			path = "HelloCordova/Plugins";
			sourceTree = SOURCE_ROOT;
		};
		308D052D1370CCF300D202BF /* icons */ = {
			isa = PBXGroup;
			children = (
				30C1856519D5FC0A00212699 /* icon-60@3x.png */,
				7E7966D41810823500FA85AD /* icon-40.png */,
				7E7966D51810823500FA85AD /* icon-40@2x.png */,
				7E7966D61810823500FA85AD /* icon-50.png */,
				7E7966D71810823500FA85AD /* icon-50@2x.png */,
				7E7966D81810823500FA85AD /* icon-60.png */,
				7E7966D91810823500FA85AD /* icon-60@2x.png */,
				7E7966DA1810823500FA85AD /* icon-76.png */,
				7E7966DB1810823500FA85AD /* icon-76@2x.png */,
				7E7966DC1810823500FA85AD /* icon-small.png */,
				7E7966DD1810823500FA85AD /* icon-small@2x.png */,
				30FC414816E50CA1004E6F35 /* icon-72@2x.png */,
				308D052E1370CCF300D202BF /* icon-72.png */,
				308D052F1370CCF300D202BF /* icon.png */,
				308D05301370CCF300D202BF /* icon@2x.png */,
			);
			path = icons;
			sourceTree = "<group>";
		};
		308D05311370CCF300D202BF /* splash */ = {
			isa = PBXGroup;
			children = (
				30B4F2FD19D5E07200D9F7D8 /* Default-667h.png */,
				30B4F2FE19D5E07200D9F7D8 /* Default-736h.png */,
				30B4F2FF19D5E07200D9F7D8 /* Default-Landscape-736h.png */,
				D4A0D8751607E02300AEF8BB /* Default-568h@2x~iphone.png */,
				3088BBB7154F3926009F9C59 /* Default-Landscape@2x~ipad.png */,
				3088BBB8154F3926009F9C59 /* Default-Landscape~ipad.png */,
				3088BBB9154F3926009F9C59 /* Default-Portrait@2x~ipad.png */,
				3088BBBA154F3926009F9C59 /* Default-Portrait~ipad.png */,
				3088BBBB154F3926009F9C59 /* Default@2x~iphone.png */,
				3088BBBC154F3926009F9C59 /* Default~iphone.png */,
			);
			path = splash;
			sourceTree = "<group>";
		};
		EB87FDF11871DA420020F90C /* Staging */ = {
			isa = PBXGroup;
			children = (
				F840E1F0165FE0F500CFE078 /* config.xml */,
				301BF56E109A69640062928A /* www */,
			);
			name = Staging;
			sourceTree = "<group>";
		};
/* End PBXGroup section */

/* Begin PBXNativeTarget section */
		1D6058900D05DD3D006BFB54 /* HelloCordova */ = {
			isa = PBXNativeTarget;
			buildConfigurationList = 1D6058960D05DD3E006BFB54 /* Build configuration list for PBXNativeTarget "HelloCordova" */;
			buildPhases = (
				304B58A110DAC018002A0835 /* Copy www directory */,
				1D60588D0D05DD3D006BFB54 /* Resources */,
				1D60588E0D05DD3D006BFB54 /* Sources */,
				1D60588F0D05DD3D006BFB54 /* Frameworks */,
			);
			buildRules = (
			);
			dependencies = (
				301BF551109A68C00062928A /* PBXTargetDependency */,
			);
			name = "HelloCordova";
			productName = "HelloCordova";
			productReference = 1D6058910D05DD3D006BFB54 /* HelloCordova.app */;
			productType = "com.apple.product-type.application";
		};
/* End PBXNativeTarget section */

/* Begin PBXProject section */
		29B97313FDCFA39411CA2CEA /* Project object */ = {
			isa = PBXProject;
			attributes = {
				LastUpgradeCheck = 510;
			};
			buildConfigurationList = C01FCF4E08A954540054247B /* Build configuration list for PBXProject "__CLI__" */;
			compatibilityVersion = "Xcode 3.2";
			developmentRegion = English;
			hasScannedForEncodings = 1;
			knownRegions = (
				English,
				Japanese,
				French,
				German,
				en,
				es,
				de,
				se,
			);
			mainGroup = 29B97314FDCFA39411CA2CEA /* CustomTemplate */;
			projectDirPath = "";
			projectReferences = (
				{
					ProductGroup = 301BF52E109A57CC0062928A /* Products */;
					ProjectRef = 301BF52D109A57CC0062928A /* CordovaLib.xcodeproj */;
				},
			);
			projectRoot = "";
			targets = (
				1D6058900D05DD3D006BFB54 /* HelloCordova */,
			);
		};
/* End PBXProject section */

/* Begin PBXReferenceProxy section */
		301BF535109A57CC0062928A /* libCordova.a */ = {
			isa = PBXReferenceProxy;
			fileType = archive.ar;
			path = libCordova.a;
			remoteRef = 301BF534109A57CC0062928A /* PBXContainerItemProxy */;
			sourceTree = BUILT_PRODUCTS_DIR;
		};
/* End PBXReferenceProxy section */

/* Begin PBXResourcesBuildPhase section */
		1D60588D0D05DD3D006BFB54 /* Resources */ = {
			isa = PBXResourcesBuildPhase;
			buildActionMask = 2147483647;
			files = (
				7E7966E41810823500FA85AD /* icon-76.png in Resources */,
				7E7966DF1810823500FA85AD /* icon-40@2x.png in Resources */,
				308D05371370CCF300D202BF /* icon-72.png in Resources */,
				30B4F30119D5E07200D9F7D8 /* Default-736h.png in Resources */,
				308D05381370CCF300D202BF /* icon.png in Resources */,
				308D05391370CCF300D202BF /* icon@2x.png in Resources */,
				302D95F214D2391D003F00A1 /* MainViewController.xib in Resources */,
				7E7966E01810823500FA85AD /* icon-50.png in Resources */,
				7E7966E31810823500FA85AD /* icon-60@2x.png in Resources */,
				7E7966E61810823500FA85AD /* icon-small.png in Resources */,
				3088BBBD154F3926009F9C59 /* Default-Landscape@2x~ipad.png in Resources */,
				3088BBBE154F3926009F9C59 /* Default-Landscape~ipad.png in Resources */,
				3088BBBF154F3926009F9C59 /* Default-Portrait@2x~ipad.png in Resources */,
				7E7966E71810823500FA85AD /* icon-small@2x.png in Resources */,
				3088BBC0154F3926009F9C59 /* Default-Portrait~ipad.png in Resources */,
				30B4F30019D5E07200D9F7D8 /* Default-667h.png in Resources */,
				7E7966DE1810823500FA85AD /* icon-40.png in Resources */,
				3088BBC1154F3926009F9C59 /* Default@2x~iphone.png in Resources */,
				7E7966E21810823500FA85AD /* icon-60.png in Resources */,
				3088BBC2154F3926009F9C59 /* Default~iphone.png in Resources */,
				D4A0D8761607E02300AEF8BB /* Default-568h@2x~iphone.png in Resources */,
				30B4F30219D5E07200D9F7D8 /* Default-Landscape-736h.png in Resources */,
				30C1856619D5FC0A00212699 /* icon-60@3x.png in Resources */,
				7E7966E11810823500FA85AD /* icon-50@2x.png in Resources */,
				7E7966E51810823500FA85AD /* icon-76@2x.png in Resources */,
				30FC414916E50CA1004E6F35 /* icon-72@2x.png in Resources */,
			);
			runOnlyForDeploymentPostprocessing = 0;
		};
/* End PBXResourcesBuildPhase section */

/* Begin PBXShellScriptBuildPhase section */
		304B58A110DAC018002A0835 /* Copy www directory */ = {
			isa = PBXShellScriptBuildPhase;
			buildActionMask = 2147483647;
			files = (
			);
			inputPaths = (
			);
			name = "Copy www directory";
			outputPaths = (
			);
			runOnlyForDeploymentPostprocessing = 0;
			shellPath = /bin/sh;
			shellScript = "cordova/lib/copy-www-build-step.sh";
			showEnvVarsInLog = 0;
		};
/* End PBXShellScriptBuildPhase section */

/* Begin PBXSourcesBuildPhase section */
		1D60588E0D05DD3D006BFB54 /* Sources */ = {
			isa = PBXSourcesBuildPhase;
			buildActionMask = 2147483647;
			files = (
				1D60589B0D05DD56006BFB54 /* main.m in Sources */,
				1D3623260D0F684500981E51 /* AppDelegate.m in Sources */,
				302D95F114D2391D003F00A1 /* MainViewController.m in Sources */,
				C2004DF0AC6A40C6A622E0BD /* UIImage+CropScaleOrientation.m in Sources */,
				0DF30825CEB948EFBD8AE9C4 /* CDVCamera.m in Sources */,
				8F387418B1C0419898A433BD /* CDVJpegHeaderWriter.m in Sources */,
				E0F220104BD54928B91CDAFA /* CDVFile.m in Sources */,
				173C86DE2215457197AE781A /* CDVLocalFilesystem.m in Sources */,
				40FC8622CF6E40F08C08CD7A /* CDVAssetLibraryFilesystem.m in Sources */,
				54A73D44491C4DECBA206D61 /* CDVSplashScreen.m in Sources */,
				4DA59DCA38A6492D95E208DC /* CDVViewController+SplashScreen.m in Sources */,
				1A9D2F68053449F4BFAFE9BC /* Toast+UIView.m in Sources */,
				70A2C39CBDC74F078C88A8A5 /* Toast.m in Sources */,
				7E54542438AF4F1C9AA976C5 /* AppDelegate+notification.m in Sources */,
				28FBBC3DFC0747F8AFBA6A37 /* PushPlugin.m in Sources */,
				BF17B983746F411A94CA3779 /* CDVStatusBar.m in Sources */,
			);
			runOnlyForDeploymentPostprocessing = 0;
		};
/* End PBXSourcesBuildPhase section */

/* Begin PBXTargetDependency section */
		301BF551109A68C00062928A /* PBXTargetDependency */ = {
			isa = PBXTargetDependency;
			name = CordovaLib;
			targetProxy = 301BF550109A68C00062928A /* PBXContainerItemProxy */;
		};
/* End PBXTargetDependency section */

/* Begin XCBuildConfiguration section */
		1D6058940D05DD3E006BFB54 /* Debug */ = {
			isa = XCBuildConfiguration;
			buildSettings = {
				ALWAYS_SEARCH_USER_PATHS = NO;
				CLANG_ENABLE_OBJC_ARC = YES;
				COPY_PHASE_STRIP = NO;
				GCC_DYNAMIC_NO_PIC = NO;
				GCC_OPTIMIZATION_LEVEL = 0;
				GCC_PRECOMPILE_PREFIX_HEADER = YES;
				GCC_PREFIX_HEADER = "HelloCordova/HelloCordova-Prefix.pch";
				GCC_THUMB_SUPPORT = NO;
				GCC_VERSION = "";
				INFOPLIST_FILE = "HelloCordova/HelloCordova-Info.plist";
				IPHONEOS_DEPLOYMENT_TARGET = 6.0;
				OTHER_LDFLAGS = (
					"-weak_framework",
					CoreFoundation,
					"-weak_framework",
					UIKit,
					"-weak_framework",
					AVFoundation,
					"-weak_framework",
					CoreMedia,
					"-weak-lSystem",
					"-ObjC",
				);
				PRODUCT_NAME = "HelloCordova";
				TARGETED_DEVICE_FAMILY = "1,2";
				LIBRARY_SEARCH_PATHS = (
					"$(inherited)",
					"\"$(SRCROOT)/HelloCordova/Plugins/phonegap-plugin-push/GCM/Libraries\"",
					"\"$(SRCROOT)/HelloCordova/Plugins/phonegap-plugin-push/GCM/Libraries\"",
					"\"$(SRCROOT)/HelloCordova/Plugins/phonegap-plugin-push/GCM/Libraries\"",
					"\"$(SRCROOT)/HelloCordova/Plugins/phonegap-plugin-push/GCM/Libraries\"",
					"\"$(SRCROOT)/HelloCordova/Plugins/phonegap-plugin-push/GCM/Libraries\"",
					"\"$(SRCROOT)/HelloCordova/Plugins/phonegap-plugin-push/GCM/Libraries\"",
					"\"$(SRCROOT)/HelloCordova/Plugins/phonegap-plugin-push/GCM/Libraries\"",
					"\"$(SRCROOT)/HelloCordova/Plugins/phonegap-plugin-push/GCM/Libraries\"",
					"\"$(SRCROOT)/HelloCordova/Plugins/phonegap-plugin-push/GCM/Libraries\"",
					"\"$(SRCROOT)/HelloCordova/Plugins/phonegap-plugin-push/GCM/Libraries\"",
					"\"$(SRCROOT)/HelloCordova/Plugins/phonegap-plugin-push/GCM/Libraries\"",
					"\"$(SRCROOT)/HelloCordova/Plugins/phonegap-plugin-push/GCM/Libraries\"",
					"\"$(SRCROOT)/HelloCordova/Plugins/phonegap-plugin-push/GCM/Libraries\"",
					"\"$(SRCROOT)/HelloCordova/Plugins/phonegap-plugin-push/GCM/Libraries\"",
					"\"$(SRCROOT)/HelloCordova/Plugins/phonegap-plugin-push/GCM/Libraries\"",
					"\"$(SRCROOT)/HelloCordova/Plugins/phonegap-plugin-push/GCM/Libraries\"",
					"\"$(SRCROOT)/HelloCordova/Plugins/phonegap-plugin-push/GCM/Libraries\"",
					"\"$(SRCROOT)/HelloCordova/Plugins/phonegap-plugin-push/GCM/Libraries\"",
					"\"$(SRCROOT)/HelloCordova/Plugins/phonegap-plugin-push/GCM/Libraries\"",
					"\"$(SRCROOT)/HelloCordova/Plugins/phonegap-plugin-push/GCM/Libraries\"",
					"\"$(SRCROOT)/HelloCordova/Plugins/phonegap-plugin-push/GCM/Libraries\"",
					"\"$(SRCROOT)/HelloCordova/Plugins/phonegap-plugin-push/GCM/Libraries\"",
					"\"$(SRCROOT)/HelloCordova/Plugins/phonegap-plugin-push/GCM/Libraries\"",
					"\"$(SRCROOT)/HelloCordova/Plugins/phonegap-plugin-push/GCM/Libraries\"",
					"\"$(SRCROOT)/HelloCordova/Plugins/phonegap-plugin-push/GCM/Libraries\"",
					"\"$(SRCROOT)/HelloCordova/Plugins/phonegap-plugin-push/GCM/Libraries\"",
				);
			};
			name = Debug;
		};
		1D6058950D05DD3E006BFB54 /* Release */ = {
			isa = XCBuildConfiguration;
			buildSettings = {
				ALWAYS_SEARCH_USER_PATHS = NO;
				CLANG_ENABLE_OBJC_ARC = YES;
				COPY_PHASE_STRIP = YES;
				GCC_PRECOMPILE_PREFIX_HEADER = YES;
				GCC_PREFIX_HEADER = "HelloCordova/HelloCordova-Prefix.pch";
				GCC_THUMB_SUPPORT = NO;
				GCC_VERSION = "";
				INFOPLIST_FILE = "HelloCordova/HelloCordova-Info.plist";
				IPHONEOS_DEPLOYMENT_TARGET = 6.0;
				OTHER_LDFLAGS = (
					"-weak_framework",
					CoreFoundation,
					"-weak_framework",
					UIKit,
					"-weak_framework",
					AVFoundation,
					"-weak_framework",
					CoreMedia,
					"-weak-lSystem",
					"-ObjC",
				);
				PRODUCT_NAME = "HelloCordova";
				TARGETED_DEVICE_FAMILY = "1,2";
				LIBRARY_SEARCH_PATHS = (
					"$(inherited)",
					"\"$(SRCROOT)/HelloCordova/Plugins/phonegap-plugin-push/GCM/Libraries\"",
					"\"$(SRCROOT)/HelloCordova/Plugins/phonegap-plugin-push/GCM/Libraries\"",
					"\"$(SRCROOT)/HelloCordova/Plugins/phonegap-plugin-push/GCM/Libraries\"",
					"\"$(SRCROOT)/HelloCordova/Plugins/phonegap-plugin-push/GCM/Libraries\"",
					"\"$(SRCROOT)/HelloCordova/Plugins/phonegap-plugin-push/GCM/Libraries\"",
					"\"$(SRCROOT)/HelloCordova/Plugins/phonegap-plugin-push/GCM/Libraries\"",
					"\"$(SRCROOT)/HelloCordova/Plugins/phonegap-plugin-push/GCM/Libraries\"",
					"\"$(SRCROOT)/HelloCordova/Plugins/phonegap-plugin-push/GCM/Libraries\"",
					"\"$(SRCROOT)/HelloCordova/Plugins/phonegap-plugin-push/GCM/Libraries\"",
					"\"$(SRCROOT)/HelloCordova/Plugins/phonegap-plugin-push/GCM/Libraries\"",
					"\"$(SRCROOT)/HelloCordova/Plugins/phonegap-plugin-push/GCM/Libraries\"",
					"\"$(SRCROOT)/HelloCordova/Plugins/phonegap-plugin-push/GCM/Libraries\"",
					"\"$(SRCROOT)/HelloCordova/Plugins/phonegap-plugin-push/GCM/Libraries\"",
					"\"$(SRCROOT)/HelloCordova/Plugins/phonegap-plugin-push/GCM/Libraries\"",
					"\"$(SRCROOT)/HelloCordova/Plugins/phonegap-plugin-push/GCM/Libraries\"",
					"\"$(SRCROOT)/HelloCordova/Plugins/phonegap-plugin-push/GCM/Libraries\"",
					"\"$(SRCROOT)/HelloCordova/Plugins/phonegap-plugin-push/GCM/Libraries\"",
					"\"$(SRCROOT)/HelloCordova/Plugins/phonegap-plugin-push/GCM/Libraries\"",
					"\"$(SRCROOT)/HelloCordova/Plugins/phonegap-plugin-push/GCM/Libraries\"",
					"\"$(SRCROOT)/HelloCordova/Plugins/phonegap-plugin-push/GCM/Libraries\"",
					"\"$(SRCROOT)/HelloCordova/Plugins/phonegap-plugin-push/GCM/Libraries\"",
					"\"$(SRCROOT)/HelloCordova/Plugins/phonegap-plugin-push/GCM/Libraries\"",
					"\"$(SRCROOT)/HelloCordova/Plugins/phonegap-plugin-push/GCM/Libraries\"",
					"\"$(SRCROOT)/HelloCordova/Plugins/phonegap-plugin-push/GCM/Libraries\"",
					"\"$(SRCROOT)/HelloCordova/Plugins/phonegap-plugin-push/GCM/Libraries\"",
					"\"$(SRCROOT)/HelloCordova/Plugins/phonegap-plugin-push/GCM/Libraries\"",
				);
			};
			name = Release;
		};
		C01FCF4F08A954540054247B /* Debug */ = {
			isa = XCBuildConfiguration;
			buildSettings = {
				CLANG_ENABLE_OBJC_ARC = YES;
				CLANG_WARN_BOOL_CONVERSION = YES;
				CLANG_WARN_CONSTANT_CONVERSION = YES;
				CLANG_WARN_EMPTY_BODY = YES;
				CLANG_WARN_ENUM_CONVERSION = YES;
				CLANG_WARN_INT_CONVERSION = YES;
				CLANG_WARN__DUPLICATE_METHOD_MATCH = YES;
				"CODE_SIGN_IDENTITY[sdk=iphoneos*]" = "iPhone Developer";
				GCC_C_LANGUAGE_STANDARD = c99;
				GCC_THUMB_SUPPORT = NO;
				GCC_VERSION = "";
				GCC_WARN_ABOUT_RETURN_TYPE = YES;
				GCC_WARN_UNDECLARED_SELECTOR = YES;
				GCC_WARN_UNINITIALIZED_AUTOS = YES;
				GCC_WARN_UNUSED_FUNCTION = YES;
				GCC_WARN_UNUSED_VARIABLE = YES;
				HEADER_SEARCH_PATHS = (
					"\"$(TARGET_BUILD_DIR)/usr/local/lib/include\"",
					"\"$(OBJROOT)/UninstalledProducts/include\"",
					"\"$(BUILT_PRODUCTS_DIR)\"",
				);
				IPHONEOS_DEPLOYMENT_TARGET = 6.0;
				ONLY_ACTIVE_ARCH = YES;
				OTHER_LDFLAGS = (
					"-weak_framework",
					CoreFoundation,
					"-weak_framework",
					UIKit,
					"-weak_framework",
					AVFoundation,
					"-weak_framework",
					CoreMedia,
					"-weak-lSystem",
					"-ObjC",
				);
				SDKROOT = iphoneos;
				SKIP_INSTALL = NO;
				USER_HEADER_SEARCH_PATHS = "";
			};
			name = Debug;
		};
		C01FCF5008A954540054247B /* Release */ = {
			isa = XCBuildConfiguration;
			buildSettings = {
				CLANG_ENABLE_OBJC_ARC = YES;
				CLANG_WARN_BOOL_CONVERSION = YES;
				CLANG_WARN_CONSTANT_CONVERSION = YES;
				CLANG_WARN_EMPTY_BODY = YES;
				CLANG_WARN_ENUM_CONVERSION = YES;
				CLANG_WARN_INT_CONVERSION = YES;
				CLANG_WARN__DUPLICATE_METHOD_MATCH = YES;
				"CODE_SIGN_IDENTITY[sdk=iphoneos*]" = "iPhone Developer";
				GCC_C_LANGUAGE_STANDARD = c99;
				GCC_THUMB_SUPPORT = NO;
				GCC_VERSION = "";
				GCC_WARN_ABOUT_RETURN_TYPE = YES;
				GCC_WARN_UNDECLARED_SELECTOR = YES;
				GCC_WARN_UNINITIALIZED_AUTOS = YES;
				GCC_WARN_UNUSED_FUNCTION = YES;
				GCC_WARN_UNUSED_VARIABLE = YES;
				HEADER_SEARCH_PATHS = (
					"\"$(TARGET_BUILD_DIR)/usr/local/lib/include\"",
					"\"$(OBJROOT)/UninstalledProducts/include\"",
					"\"$(BUILT_PRODUCTS_DIR)\"",
				);
				IPHONEOS_DEPLOYMENT_TARGET = 6.0;
				OTHER_LDFLAGS = (
					"-weak_framework",
					CoreFoundation,
					"-weak_framework",
					UIKit,
					"-weak_framework",
					AVFoundation,
					"-weak_framework",
					CoreMedia,
					"-weak-lSystem",
					"-ObjC",
				);
				SDKROOT = iphoneos;
				SKIP_INSTALL = NO;
				USER_HEADER_SEARCH_PATHS = "";
			};
			name = Release;
		};
/* End XCBuildConfiguration section */

/* Begin XCConfigurationList section */
		1D6058960D05DD3E006BFB54 /* Build configuration list for PBXNativeTarget "HelloCordova" */ = {
			isa = XCConfigurationList;
			buildConfigurations = (
				1D6058940D05DD3E006BFB54 /* Debug */,
				1D6058950D05DD3E006BFB54 /* Release */,
			);
			defaultConfigurationIsVisible = 0;
			defaultConfigurationName = Release;
		};
		C01FCF4E08A954540054247B /* Build configuration list for PBXProject "__CLI__" */ = {
			isa = XCConfigurationList;
			buildConfigurations = (
				C01FCF4F08A954540054247B /* Debug */,
				C01FCF5008A954540054247B /* Release */,
			);
			defaultConfigurationIsVisible = 0;
			defaultConfigurationName = Release;
		};
/* End XCConfigurationList section */
	};
	rootObject = 29B97313FDCFA39411CA2CEA /* Project object */;
}
